{
  "version": 4,
  "terraform_version": "1.11.2",
  "serial": 6,
  "lineage": "c3dd9fc1-cf6a-6ef0-14be-99c5b3732468",
  "outputs": {},
  "resources": [
    {
      "mode": "data",
      "type": "spotify_search_track",
      "name": "track",
      "provider": "provider[\"registry.terraform.io/conradludgate/spotify\"]",
      "instances": [
        {
          "schema_version": 0,
          "attributes": {
            "album": null,
            "artist": "honey singh",
            "explicit": true,
            "id": "1741977045",
            "limit": 10,
            "name": null,
            "tracks": [
              {
                "album": "625teJ2rC8nsi8dfGUYjU6",
                "artists": [
                  "7uIbLdzzSEqnX0Pkrb56cR"
                ],
                "id": "7flUTy7LFKqIqERV7qgxeO",
                "name": "MANIAC - Bonus Track [From \"GLORY\"]"
              },
              {
                "album": "2iPimv2hsVBJZU1fvBfwkB",
                "artists": [
                  "7uIbLdzzSEqnX0Pkrb56cR"
                ],
                "id": "7wW9scVNLYFLsmBb1yAUmS",
                "name": "Blue Eyes"
              },
              {
                "album": "3IbKcMtNRze5t0ANwdp45H",
                "artists": [
                  "7uIbLdzzSEqnX0Pkrb56cR"
                ],
                "id": "7m4CgL81VVIHaaiSxyH922",
                "name": "Desi Kalakaar"
              },
              {
                "album": "3IbKcMtNRze5t0ANwdp45H",
                "artists": [
                  "7uIbLdzzSEqnX0Pkrb56cR"
                ],
                "id": "1QZRCi2Z1DQQaR6bGAzhtN",
                "name": "Love Dose"
              },
              {
                "album": "1CQeKPICg50fn9bkhesH5S",
                "artists": [
                  "7uIbLdzzSEqnX0Pkrb56cR",
                  "6t6D6drTfOF08Jp4w9wY2J"
                ],
                "id": "3pVXZ04pu8zYaiAHCrh6PV",
                "name": "Dope Shope"
              },
              {
                "album": "5KF4xCxDD8ip003hoatFT9",
                "artists": [
                  "7uIbLdzzSEqnX0Pkrb56cR"
                ],
                "id": "61R3DMR4U2n25qgX9ryciJ",
                "name": "Jatt Mehkma"
              },
              {
                "album": "5KF4xCxDD8ip003hoatFT9",
                "artists": [
                  "7uIbLdzzSEqnX0Pkrb56cR",
                  "3fWcIRZlzhMl2YNACMvHui"
                ],
                "id": "76ZWOhRRQzmb4xMoZzTjJ9",
                "name": "Payal"
              },
              {
                "album": "1CQeKPICg50fn9bkhesH5S",
                "artists": [
                  "7uIbLdzzSEqnX0Pkrb56cR"
                ],
                "id": "3yRLROmAcKJBqTrdEczFB8",
                "name": "Brown Rang"
              },
              {
                "album": "5shKctJ4loVT41X1nxYkx2",
                "artists": [
                  "7uIbLdzzSEqnX0Pkrb56cR"
                ],
                "id": "4fyR24BKznXBLNkK8LwWla",
                "name": "Dheere Dheere"
              },
              {
                "album": "5KF4xCxDD8ip003hoatFT9",
                "artists": [
                  "7uIbLdzzSEqnX0Pkrb56cR"
                ],
                "id": "78BWCd70D1X6LMkDZm1UoF",
                "name": "Millionaire"
              }
            ],
            "year": null
          },
          "sensitive_attributes": []
        }
      ]
    },
    {
      "mode": "managed",
      "type": "spotify_playlist",
      "name": "honey",
      "provider": "provider[\"registry.terraform.io/conradludgate/spotify\"]",
      "instances": [
        {
          "schema_version": 0,
          "attributes": {
            "description": null,
            "id": "4rLyarM32xp9Wwtx60FhEt",
            "name": "Honey Singh playlist",
            "public": true,
            "snapshot_id": "AAAAArl+7/qF9Anhya2aAXb8RgTaxhPL",
            "tracks": [
              "7flUTy7LFKqIqERV7qgxeO",
              "7wW9scVNLYFLsmBb1yAUmS",
              "7m4CgL81VVIHaaiSxyH922"
            ]
          },
          "sensitive_attributes": [],
          "private": "bnVsbA==",
          "dependencies": [
            "data.spotify_search_track.track"
          ]
        }
      ]
    }
  ],
  "check_results": null
}
